
Microsoft Visual Studio Solution File, Format Version 12.00
# Visual Studio Version 16
VisualStudioVersion = 16.0.30309.148
MinimumVisualStudioVersion = 10.0.40219.1
Project("{FAE04EC0-301F-11D3-BF4B-00C04F79EFBC}") = "letter-loops", "letter-loops\letter-loops.csproj", "{7F8D5642-1040-46E5-8842-C1D9A7DDC0BE}"
EndProject
Global
	GlobalSection(SolutionConfigurationPlatforms) = preSolution
		Debug|Any CPU = Debug|Any CPU
		Release|Any CPU = Release|Any CPU
	EndGlobalSection
	GlobalSection(ProjectConfigurationPlatforms) = postSolution
		{7F8D5642-1040-46E5-8842-C1D9A7DDC0BE}.Debug|Any CPU.ActiveCfg = Debug|Any CPU
		{7F8D5642-1040-46E5-8842-C1D9A7DDC0BE}.Debug|Any CPU.Build.0 = Debug|Any CPU
		{7F8D5642-1040-46E5-8842-C1D9A7DDC0BE}.Release|Any CPU.ActiveCfg = Release|Any CPU
		{7F8D5642-1040-46E5-8842-C1D9A7DDC0BE}.Release|Any CPU.Build.0 = Release|Any CPU
	EndGlobalSection
	GlobalSection(SolutionProperties) = preSolution
		HideSolutionNode = FALSE
	EndGlobalSection
	GlobalSection(ExtensibilityGlobals) = postSolution
		SolutionGuid = {834BDFCD-C335-43CF-8F61-7391458AD015}
	EndGlobalSection
EndGlobal
